
Microsoft Visual Studio Solution File, Format Version 12.00
# Visual Studio 15
VisualStudioVersion = 15.0.28010.2019
MinimumVisualStudioVersion = 10.0.40219.1
Project("{FAE04EC0-301F-11D3-BF4B-00C04F79EFBC}") = "BerlinLandingSending", "BerlinLandingSending\BerlinLandingSending.csproj", "{272C666E-A600-4E3E-8167-43E147372B51}"
EndProject
Global
	GlobalSection(SolutionConfigurationPlatforms) = preSolution
		Debug|Any CPU = Debug|Any CPU
		Release|Any CPU = Release|Any CPU
	EndGlobalSection
	GlobalSection(ProjectConfigurationPlatforms) = postSolution
		{272C666E-A600-4E3E-8167-43E147372B51}.Debug|Any CPU.ActiveCfg = Debug|Any CPU
		{272C666E-A600-4E3E-8167-43E147372B51}.Debug|Any CPU.Build.0 = Debug|Any CPU
		{272C666E-A600-4E3E-8167-43E147372B51}.Release|Any CPU.ActiveCfg = Release|Any CPU
		{272C666E-A600-4E3E-8167-43E147372B51}.Release|Any CPU.Build.0 = Release|Any CPU
	EndGlobalSection
	GlobalSection(SolutionProperties) = preSolution
		HideSolutionNode = FALSE
	EndGlobalSection
	GlobalSection(ExtensibilityGlobals) = postSolution
		SolutionGuid = {87F7E29E-9B7B-4BDA-ACE8-FA4395CD21D5}
	EndGlobalSection
EndGlobal
